// !$*UTF8*$!
{
	archiveVersion = 1;
	classes = {
	};
	objectVersion = 60;
	objects = {

/* Begin PBXBuildFile section */
		100000000000000000000001 /* TapJailApp.swift in Sources */ = {isa = PBXBuildFile; fileRef = 100000000000000000000101 /* TapJailApp.swift */; };
		100000000000000000000002 /* JailController.swift in Sources */ = {isa = PBXBuildFile; fileRef = 100000000000000000000102 /* JailController.swift */; };
		100000000000000000000003 /* RootView.swift in Sources */ = {isa = PBXBuildFile; fileRef = 100000000000000000000103 /* RootView.swift */; };
		100000000000000000000004 /* LockView.swift in Sources */ = {isa = PBXBuildFile; fileRef = 100000000000000000000104 /* LockView.swift */; };
		100000000000000000000005 /* TapPrisonView.swift in Sources */ = {isa = PBXBuildFile; fileRef = 100000000000000000000105 /* TapPrisonView.swift */; };
		100000000000000000000006 /* TapJailConstants.swift in Sources */ = {isa = PBXBuildFile; fileRef = 100000000000000000000106 /* TapJailConstants.swift */; };
		100000000000000000000007 /* Assets.xcassets in Resources */ = {isa = PBXBuildFile; fileRef = 100000000000000000000107 /* Assets.xcassets */; };
		100000000000000000000008 /* ShieldConfigurationExtension.swift in Sources */ = {isa = PBXBuildFile; fileRef = 100000000000000000000108 /* ShieldConfigurationExtension.swift */; };
		100000000000000000000009 /* ShieldActionExtension.swift in Sources */ = {isa = PBXBuildFile; fileRef = 100000000000000000000109 /* ShieldActionExtension.swift */; };
		10000000000000000000000A /* ShieldConfiguration.appex in Embed App Extensions */ = {isa = PBXBuildFile; fileRef = 100000000000000000000202 /* ShieldConfiguration.appex */; settings = {ATTRIBUTES = (RemoveHeadersOnCopy, ); }; };
		10000000000000000000000B /* ShieldAction.appex in Embed App Extensions */ = {isa = PBXBuildFile; fileRef = 100000000000000000000203 /* ShieldAction.appex */; settings = {ATTRIBUTES = (RemoveHeadersOnCopy, ); }; };
		10000000000000000000000C /* SchibstedGrotesk-Regular.ttf in Resources */ = {isa = PBXBuildFile; fileRef = 100000000000000000000110 /* SchibstedGrotesk-Regular.ttf */; };
		10000000000000000000000D /* SchibstedGrotesk-Medium.ttf in Resources */ = {isa = PBXBuildFile; fileRef = 100000000000000000000111 /* SchibstedGrotesk-Medium.ttf */; };
		10000000000000000000000E /* SchibstedGrotesk-SemiBold.ttf in Resources */ = {isa = PBXBuildFile; fileRef = 100000000000000000000112 /* SchibstedGrotesk-SemiBold.ttf */; };
		10000000000000000000000F /* SchibstedGrotesk-Bold.ttf in Resources */ = {isa = PBXBuildFile; fileRef = 100000000000000000000113 /* SchibstedGrotesk-Bold.ttf */; };
		100000000000000000000010 /* SchibstedGrotesk-ExtraBold.ttf in Resources */ = {isa = PBXBuildFile; fileRef = 100000000000000000000114 /* SchibstedGrotesk-ExtraBold.ttf */; };
		100000000000000000000011 /* SchibstedGrotesk-Black.ttf in Resources */ = {isa = PBXBuildFile; fileRef = 100000000000000000000115 /* SchibstedGrotesk-Black.ttf */; };
		100000000000000000000012 /* SchibstedGrotesk-Italic.ttf in Resources */ = {isa = PBXBuildFile; fileRef = 100000000000000000000116 /* SchibstedGrotesk-Italic.ttf */; };
		100000000000000000000013 /* SchibstedGrotesk-MediumItalic.ttf in Resources */ = {isa = PBXBuildFile; fileRef = 100000000000000000000117 /* SchibstedGrotesk-MediumItalic.ttf */; };
		100000000000000000000014 /* SchibstedGrotesk-SemiBoldItalic.ttf in Resources */ = {isa = PBXBuildFile; fileRef = 100000000000000000000118 /* SchibstedGrotesk-SemiBoldItalic.ttf */; };
		100000000000000000000015 /* SchibstedGrotesk-BoldItalic.ttf in Resources */ = {isa = PBXBuildFile; fileRef = 100000000000000000000119 /* SchibstedGrotesk-BoldItalic.ttf */; };
		100000000000000000000016 /* SchibstedGrotesk-ExtraBoldItalic.ttf in Resources */ = {isa = PBXBuildFile; fileRef = 10000000000000000000011A /* SchibstedGrotesk-ExtraBoldItalic.ttf */; };
		100000000000000000000017 /* SchibstedGrotesk-BlackItalic.ttf in Resources */ = {isa = PBXBuildFile; fileRef = 10000000000000000000011B /* SchibstedGrotesk-BlackItalic.ttf */; };
		100000000000000000000018 /* OFL.txt in Resources */ = {isa = PBXBuildFile; fileRef = 10000000000000000000011C /* OFL.txt */; };
		100000000000000000000019 /* PatrickHand-Regular.ttf in Resources */ = {isa = PBXBuildFile; fileRef = 10000000000000000000011D /* PatrickHand-Regular.ttf */; };
		10000000000000000000001A /* PatrickHand-OFL.txt in Resources */ = {isa = PBXBuildFile; fileRef = 10000000000000000000011E /* PatrickHand-OFL.txt */; };
		10000000000000000000001B /* TapJailShieldLogo.png in Resources */ = {isa = PBXBuildFile; fileRef = 10000000000000000000011F /* TapJailShieldLogo.png */; };
		10000000000000000000001C /* DeviceActivityMonitorExtension.swift in Sources */ = {isa = PBXBuildFile; fileRef = 100000000000000000000120 /* DeviceActivityMonitorExtension.swift */; };
		10000000000000000000001D /* TapJailConstants.swift in Sources */ = {isa = PBXBuildFile; fileRef = 100000000000000000000106 /* TapJailConstants.swift */; };
		10000000000000000000001E /* DeviceActivityMonitor.appex in Embed App Extensions */ = {isa = PBXBuildFile; fileRef = 100000000000000000000204 /* DeviceActivityMonitor.appex */; settings = {ATTRIBUTES = (RemoveHeadersOnCopy, ); }; };
		10000000000000000000001F /* TapJailConstants.swift in Sources */ = {isa = PBXBuildFile; fileRef = 100000000000000000000106 /* TapJailConstants.swift */; };
		100000000000000000000020 /* TapJailConstants.swift in Sources */ = {isa = PBXBuildFile; fileRef = 100000000000000000000106 /* TapJailConstants.swift */; };
		100000000000000000000021 /* OnboardingView.swift in Sources */ = {isa = PBXBuildFile; fileRef = 100000000000000000000123 /* OnboardingView.swift */; };
		100000000000000000000D01 /* DeviceActivityReportExtension.swift in Sources */ = {isa = PBXBuildFile; fileRef = 100000000000000000000D11 /* DeviceActivityReportExtension.swift */; };
		100000000000000000000D02 /* DeviceActivityReport.appex in Embed App Extensions */ = {isa = PBXBuildFile; fileRef = 100000000000000000000D14 /* DeviceActivityReport.appex */; settings = {ATTRIBUTES = (RemoveHeadersOnCopy, ); }; };
		72C73F4D2FD4C9CB000A1BC9 /* Charts.framework in Frameworks */ = {isa = PBXBuildFile; fileRef = 72C73F4C2FD4C9CB000A1BC9 /* Charts.framework */; };
/* End PBXBuildFile section */

/* Begin PBXContainerItemProxy section */
		100000000000000000000301 /* PBXContainerItemProxy */ = {
			isa = PBXContainerItemProxy;
			containerPortal = 100000000000000000000401 /* Project object */;
			proxyType = 1;
			remoteGlobalIDString = 100000000000000000000502;
			remoteInfo = ShieldConfiguration;
		};
		100000000000000000000302 /* PBXContainerItemProxy */ = {
			isa = PBXContainerItemProxy;
			containerPortal = 100000000000000000000401 /* Project object */;
			proxyType = 1;
			remoteGlobalIDString = 100000000000000000000503;
			remoteInfo = ShieldAction;
		};
		100000000000000000000303 /* PBXContainerItemProxy */ = {
			isa = PBXContainerItemProxy;
			containerPortal = 100000000000000000000401 /* Project object */;
			proxyType = 1;
			remoteGlobalIDString = 100000000000000000000504;
			remoteInfo = DeviceActivityMonitor;
		};
		100000000000000000000D21 /* PBXContainerItemProxy */ = {
			isa = PBXContainerItemProxy;
			containerPortal = 100000000000000000000401 /* Project object */;
			proxyType = 1;
			remoteGlobalIDString = 100000000000000000000D51;
			remoteInfo = DeviceActivityReport;
		};
/* End PBXContainerItemProxy section */

/* Begin PBXCopyFilesBuildPhase section */
		100000000000000000000601 /* Embed App Extensions */ = {
			isa = PBXCopyFilesBuildPhase;
			buildActionMask = 2147483647;
			dstPath = "";
			dstSubfolderSpec = 13;
			files = (
				10000000000000000000000A /* ShieldConfiguration.appex in Embed App Extensions */,
				10000000000000000000000B /* ShieldAction.appex in Embed App Extensions */,
				10000000000000000000001E /* DeviceActivityMonitor.appex in Embed App Extensions */,
				100000000000000000000D02 /* DeviceActivityReport.appex in Embed App Extensions */,
			);
			name = "Embed App Extensions";
			runOnlyForDeploymentPostprocessing = 0;
		};
/* End PBXCopyFilesBuildPhase section */

/* Begin PBXFileReference section */
		100000000000000000000101 /* TapJailApp.swift */ = {isa = PBXFileReference; lastKnownFileType = sourcecode.swift; path = TapJailApp.swift; sourceTree = "<group>"; };
		100000000000000000000102 /* JailController.swift */ = {isa = PBXFileReference; lastKnownFileType = sourcecode.swift; path = JailController.swift; sourceTree = "<group>"; };
		100000000000000000000103 /* RootView.swift */ = {isa = PBXFileReference; lastKnownFileType = sourcecode.swift; path = RootView.swift; sourceTree = "<group>"; };
		100000000000000000000104 /* LockView.swift */ = {isa = PBXFileReference; lastKnownFileType = sourcecode.swift; path = LockView.swift; sourceTree = "<group>"; };
		100000000000000000000105 /* TapPrisonView.swift */ = {isa = PBXFileReference; lastKnownFileType = sourcecode.swift; path = TapPrisonView.swift; sourceTree = "<group>"; };
		100000000000000000000106 /* TapJailConstants.swift */ = {isa = PBXFileReference; lastKnownFileType = sourcecode.swift; path = TapJailConstants.swift; sourceTree = "<group>"; };
		100000000000000000000107 /* Assets.xcassets */ = {isa = PBXFileReference; lastKnownFileType = folder.assetcatalog; path = Assets.xcassets; sourceTree = "<group>"; };
		100000000000000000000108 /* ShieldConfigurationExtension.swift */ = {isa = PBXFileReference; lastKnownFileType = sourcecode.swift; path = ShieldConfigurationExtension.swift; sourceTree = "<group>"; };
		100000000000000000000109 /* ShieldActionExtension.swift */ = {isa = PBXFileReference; lastKnownFileType = sourcecode.swift; path = ShieldActionExtension.swift; sourceTree = "<group>"; };
		10000000000000000000010A /* Info.plist */ = {isa = PBXFileReference; lastKnownFileType = text.plist.xml; path = Info.plist; sourceTree = "<group>"; };
		10000000000000000000010B /* TapJail.entitlements */ = {isa = PBXFileReference; lastKnownFileType = text.plist.entitlements; path = TapJail.entitlements; sourceTree = "<group>"; };
		10000000000000000000010C /* Info.plist */ = {isa = PBXFileReference; lastKnownFileType = text.plist.xml; path = Info.plist; sourceTree = "<group>"; };
		10000000000000000000010D /* ShieldConfiguration.entitlements */ = {isa = PBXFileReference; lastKnownFileType = text.plist.entitlements; path = ShieldConfiguration.entitlements; sourceTree = "<group>"; };
		10000000000000000000010E /* Info.plist */ = {isa = PBXFileReference; lastKnownFileType = text.plist.xml; path = Info.plist; sourceTree = "<group>"; };
		10000000000000000000010F /* ShieldAction.entitlements */ = {isa = PBXFileReference; lastKnownFileType = text.plist.entitlements; path = ShieldAction.entitlements; sourceTree = "<group>"; };
		100000000000000000000110 /* SchibstedGrotesk-Regular.ttf */ = {isa = PBXFileReference; lastKnownFileType = file; path = "SchibstedGrotesk-Regular.ttf"; sourceTree = "<group>"; };
		100000000000000000000111 /* SchibstedGrotesk-Medium.ttf */ = {isa = PBXFileReference; lastKnownFileType = file; path = "SchibstedGrotesk-Medium.ttf"; sourceTree = "<group>"; };
		100000000000000000000112 /* SchibstedGrotesk-SemiBold.ttf */ = {isa = PBXFileReference; lastKnownFileType = file; path = "SchibstedGrotesk-SemiBold.ttf"; sourceTree = "<group>"; };
		100000000000000000000113 /* SchibstedGrotesk-Bold.ttf */ = {isa = PBXFileReference; lastKnownFileType = file; path = "SchibstedGrotesk-Bold.ttf"; sourceTree = "<group>"; };
		100000000000000000000114 /* SchibstedGrotesk-ExtraBold.ttf */ = {isa = PBXFileReference; lastKnownFileType = file; path = "SchibstedGrotesk-ExtraBold.ttf"; sourceTree = "<group>"; };
		100000000000000000000115 /* SchibstedGrotesk-Black.ttf */ = {isa = PBXFileReference; lastKnownFileType = file; path = "SchibstedGrotesk-Black.ttf"; sourceTree = "<group>"; };
		100000000000000000000116 /* SchibstedGrotesk-Italic.ttf */ = {isa = PBXFileReference; lastKnownFileType = file; path = "SchibstedGrotesk-Italic.ttf"; sourceTree = "<group>"; };
		100000000000000000000117 /* SchibstedGrotesk-MediumItalic.ttf */ = {isa = PBXFileReference; lastKnownFileType = file; path = "SchibstedGrotesk-MediumItalic.ttf"; sourceTree = "<group>"; };
		100000000000000000000118 /* SchibstedGrotesk-SemiBoldItalic.ttf */ = {isa = PBXFileReference; lastKnownFileType = file; path = "SchibstedGrotesk-SemiBoldItalic.ttf"; sourceTree = "<group>"; };
		100000000000000000000119 /* SchibstedGrotesk-BoldItalic.ttf */ = {isa = PBXFileReference; lastKnownFileType = file; path = "SchibstedGrotesk-BoldItalic.ttf"; sourceTree = "<group>"; };
		10000000000000000000011A /* SchibstedGrotesk-ExtraBoldItalic.ttf */ = {isa = PBXFileReference; lastKnownFileType = file; path = "SchibstedGrotesk-ExtraBoldItalic.ttf"; sourceTree = "<group>"; };
		10000000000000000000011B /* SchibstedGrotesk-BlackItalic.ttf */ = {isa = PBXFileReference; lastKnownFileType = file; path = "SchibstedGrotesk-BlackItalic.ttf"; sourceTree = "<group>"; };
		10000000000000000000011C /* OFL.txt */ = {isa = PBXFileReference; lastKnownFileType = text; path = OFL.txt; sourceTree = "<group>"; };
		10000000000000000000011D /* PatrickHand-Regular.ttf */ = {isa = PBXFileReference; lastKnownFileType = file; path = "PatrickHand-Regular.ttf"; sourceTree = "<group>"; };
		10000000000000000000011E /* PatrickHand-OFL.txt */ = {isa = PBXFileReference; lastKnownFileType = text; path = "PatrickHand-OFL.txt"; sourceTree = "<group>"; };
		10000000000000000000011F /* TapJailShieldLogo.png */ = {isa = PBXFileReference; lastKnownFileType = image.png; path = TapJailShieldLogo.png; sourceTree = "<group>"; };
		100000000000000000000120 /* DeviceActivityMonitorExtension.swift */ = {isa = PBXFileReference; lastKnownFileType = sourcecode.swift; path = DeviceActivityMonitorExtension.swift; sourceTree = "<group>"; };
		100000000000000000000121 /* Info.plist */ = {isa = PBXFileReference; lastKnownFileType = text.plist.xml; path = Info.plist; sourceTree = "<group>"; };
		100000000000000000000122 /* DeviceActivityMonitor.entitlements */ = {isa = PBXFileReference; lastKnownFileType = text.plist.entitlements; path = DeviceActivityMonitor.entitlements; sourceTree = "<group>"; };
		100000000000000000000123 /* OnboardingView.swift */ = {isa = PBXFileReference; lastKnownFileType = sourcecode.swift; path = OnboardingView.swift; sourceTree = "<group>"; };
		100000000000000000000201 /* TapJail.app */ = {isa = PBXFileReference; explicitFileType = wrapper.application; includeInIndex = 0; path = TapJail.app; sourceTree = BUILT_PRODUCTS_DIR; };
		100000000000000000000202 /* ShieldConfiguration.appex */ = {isa = PBXFileReference; explicitFileType = "wrapper.app-extension"; includeInIndex = 0; path = ShieldConfiguration.appex; sourceTree = BUILT_PRODUCTS_DIR; };
		100000000000000000000203 /* ShieldAction.appex */ = {isa = PBXFileReference; explicitFileType = "wrapper.app-extension"; includeInIndex = 0; path = ShieldAction.appex; sourceTree = BUILT_PRODUCTS_DIR; };
		100000000000000000000204 /* DeviceActivityMonitor.appex */ = {isa = PBXFileReference; explicitFileType = "wrapper.app-extension"; includeInIndex = 0; path = DeviceActivityMonitor.appex; sourceTree = BUILT_PRODUCTS_DIR; };
		100000000000000000000D11 /* DeviceActivityReportExtension.swift */ = {isa = PBXFileReference; lastKnownFileType = sourcecode.swift; path = DeviceActivityReportExtension.swift; sourceTree = "<group>"; };
		100000000000000000000D12 /* Info.plist */ = {isa = PBXFileReference; lastKnownFileType = text.plist.xml; path = Info.plist; sourceTree = "<group>"; };
		100000000000000000000D13 /* DeviceActivityReport.entitlements */ = {isa = PBXFileReference; lastKnownFileType = text.plist.entitlements; path = DeviceActivityReport.entitlements; sourceTree = "<group>"; };
		100000000000000000000D14 /* DeviceActivityReport.appex */ = {isa = PBXFileReference; explicitFileType = "wrapper.app-extension"; includeInIndex = 0; path = DeviceActivityReport.appex; sourceTree = BUILT_PRODUCTS_DIR; };
		72C73F4C2FD4C9CB000A1BC9 /* Charts.framework */ = {isa = PBXFileReference; lastKnownFileType = wrapper.framework; name = Charts.framework; path = System/Library/Frameworks/Charts.framework; sourceTree = SDKROOT; };
/* End PBXFileReference section */

/* Begin PBXFrameworksBuildPhase section */
		100000000000000000000701 /* Frameworks */ = {
			isa = PBXFrameworksBuildPhase;
			buildActionMask = 2147483647;
			files = (
				72C73F4D2FD4C9CB000A1BC9 /* Charts.framework in Frameworks */,
			);
			runOnlyForDeploymentPostprocessing = 0;
		};
		100000000000000000000702 /* Frameworks */ = {
			isa = PBXFrameworksBuildPhase;
			buildActionMask = 2147483647;
			files = (
			);
			runOnlyForDeploymentPostprocessing = 0;
		};
		100000000000000000000703 /* Frameworks */ = {
			isa = PBXFrameworksBuildPhase;
			buildActionMask = 2147483647;
			files = (
			);
			runOnlyForDeploymentPostprocessing = 0;
		};
		100000000000000000000704 /* Frameworks */ = {
			isa = PBXFrameworksBuildPhase;
			buildActionMask = 2147483647;
			files = (
			);
			runOnlyForDeploymentPostprocessing = 0;
		};
		100000000000000000000D31 /* Frameworks */ = {
			isa = PBXFrameworksBuildPhase;
			buildActionMask = 2147483647;
			files = (
			);
			runOnlyForDeploymentPostprocessing = 0;
		};
/* End PBXFrameworksBuildPhase section */

/* Begin PBXGroup section */
		100000000000000000000801 = {
			isa = PBXGroup;
			children = (
				100000000000000000000802 /* TapJail */,
				100000000000000000000806 /* ShieldConfiguration */,
				100000000000000000000807 /* ShieldAction */,
				10000000000000000000080A /* DeviceActivityMonitor */,
				100000000000000000000D41 /* DeviceActivityReport */,
				72C73F4B2FD4C9CA000A1BC9 /* Frameworks */,
				100000000000000000000808 /* Products */,
			);
			sourceTree = "<group>";
		};
		100000000000000000000802 /* TapJail */ = {
			isa = PBXGroup;
			children = (
				100000000000000000000803 /* App */,
				100000000000000000000804 /* Shared */,
				100000000000000000000805 /* Resources */,
				10000000000000000000010A /* Info.plist */,
				10000000000000000000010B /* TapJail.entitlements */,
			);
			path = TapJail;
			sourceTree = "<group>";
		};
		100000000000000000000803 /* App */ = {
			isa = PBXGroup;
			children = (
				100000000000000000000101 /* TapJailApp.swift */,
				100000000000000000000102 /* JailController.swift */,
				100000000000000000000103 /* RootView.swift */,
				100000000000000000000104 /* LockView.swift */,
				100000000000000000000105 /* TapPrisonView.swift */,
				100000000000000000000123 /* OnboardingView.swift */,
			);
			path = App;
			sourceTree = "<group>";
		};
		100000000000000000000804 /* Shared */ = {
			isa = PBXGroup;
			children = (
				100000000000000000000106 /* TapJailConstants.swift */,
			);
			path = Shared;
			sourceTree = "<group>";
		};
		100000000000000000000805 /* Resources */ = {
			isa = PBXGroup;
			children = (
				100000000000000000000107 /* Assets.xcassets */,
				100000000000000000000809 /* Fonts */,
			);
			path = Resources;
			sourceTree = "<group>";
		};
		100000000000000000000806 /* ShieldConfiguration */ = {
			isa = PBXGroup;
			children = (
				100000000000000000000108 /* ShieldConfigurationExtension.swift */,
				10000000000000000000011F /* TapJailShieldLogo.png */,
				10000000000000000000010C /* Info.plist */,
				10000000000000000000010D /* ShieldConfiguration.entitlements */,
			);
			path = ShieldConfiguration;
			sourceTree = "<group>";
		};
		100000000000000000000807 /* ShieldAction */ = {
			isa = PBXGroup;
			children = (
				100000000000000000000109 /* ShieldActionExtension.swift */,
				10000000000000000000010E /* Info.plist */,
				10000000000000000000010F /* ShieldAction.entitlements */,
			);
			path = ShieldAction;
			sourceTree = "<group>";
		};
		100000000000000000000808 /* Products */ = {
			isa = PBXGroup;
			children = (
				100000000000000000000201 /* TapJail.app */,
				100000000000000000000202 /* ShieldConfiguration.appex */,
				100000000000000000000203 /* ShieldAction.appex */,
				100000000000000000000204 /* DeviceActivityMonitor.appex */,
				100000000000000000000D14 /* DeviceActivityReport.appex */,
			);
			name = Products;
			sourceTree = "<group>";
		};
		100000000000000000000809 /* Fonts */ = {
			isa = PBXGroup;
			children = (
				100000000000000000000110 /* SchibstedGrotesk-Regular.ttf */,
				100000000000000000000111 /* SchibstedGrotesk-Medium.ttf */,
				100000000000000000000112 /* SchibstedGrotesk-SemiBold.ttf */,
				100000000000000000000113 /* SchibstedGrotesk-Bold.ttf */,
				100000000000000000000114 /* SchibstedGrotesk-ExtraBold.ttf */,
				100000000000000000000115 /* SchibstedGrotesk-Black.ttf */,
				100000000000000000000116 /* SchibstedGrotesk-Italic.ttf */,
				100000000000000000000117 /* SchibstedGrotesk-MediumItalic.ttf */,
				100000000000000000000118 /* SchibstedGrotesk-SemiBoldItalic.ttf */,
				100000000000000000000119 /* SchibstedGrotesk-BoldItalic.ttf */,
				10000000000000000000011A /* SchibstedGrotesk-ExtraBoldItalic.ttf */,
				10000000000000000000011B /* SchibstedGrotesk-BlackItalic.ttf */,
				10000000000000000000011C /* OFL.txt */,
				10000000000000000000011D /* PatrickHand-Regular.ttf */,
				10000000000000000000011E /* PatrickHand-OFL.txt */,
			);
			path = Fonts;
			sourceTree = "<group>";
		};
		10000000000000000000080A /* DeviceActivityMonitor */ = {
			isa = PBXGroup;
			children = (
				100000000000000000000120 /* DeviceActivityMonitorExtension.swift */,
				100000000000000000000121 /* Info.plist */,
				100000000000000000000122 /* DeviceActivityMonitor.entitlements */,
			);
			path = DeviceActivityMonitor;
			sourceTree = "<group>";
		};
		100000000000000000000D41 /* DeviceActivityReport */ = {
			isa = PBXGroup;
			children = (
				100000000000000000000D11 /* DeviceActivityReportExtension.swift */,
				100000000000000000000D12 /* Info.plist */,
				100000000000000000000D13 /* DeviceActivityReport.entitlements */,
			);
			path = DeviceActivityReport;
			sourceTree = "<group>";
		};
		72C73F4B2FD4C9CA000A1BC9 /* Frameworks */ = {
			isa = PBXGroup;
			children = (
				72C73F4C2FD4C9CB000A1BC9 /* Charts.framework */,
			);
			name = Frameworks;
			sourceTree = "<group>";
		};
/* End PBXGroup section */

/* Begin PBXNativeTarget section */
		100000000000000000000501 /* TapJail */ = {
			isa = PBXNativeTarget;
			buildConfigurationList = 100000000000000000000901 /* Build configuration list for PBXNativeTarget "TapJail" */;
			buildPhases = (
				100000000000000000000A01 /* Sources */,
				100000000000000000000701 /* Frameworks */,
				100000000000000000000A02 /* Resources */,
				100000000000000000000601 /* Embed App Extensions */,
			);
			buildRules = (
			);
			dependencies = (
				100000000000000000000B01 /* PBXTargetDependency */,
				100000000000000000000B02 /* PBXTargetDependency */,
				100000000000000000000B03 /* PBXTargetDependency */,
				100000000000000000000D81 /* PBXTargetDependency */,
			);
			name = TapJail;
			productName = TapJail;
			productReference = 100000000000000000000201 /* TapJail.app */;
			productType = "com.apple.product-type.application";
		};
		100000000000000000000502 /* ShieldConfiguration */ = {
			isa = PBXNativeTarget;
			buildConfigurationList = 100000000000000000000902 /* Build configuration list for PBXNativeTarget "ShieldConfiguration" */;
			buildPhases = (
				100000000000000000000A03 /* Sources */,
				100000000000000000000702 /* Frameworks */,
				100000000000000000000A04 /* Resources */,
			);
			buildRules = (
			);
			dependencies = (
			);
			name = ShieldConfiguration;
			productName = ShieldConfiguration;
			productReference = 100000000000000000000202 /* ShieldConfiguration.appex */;
			productType = "com.apple.product-type.app-extension";
		};
		100000000000000000000503 /* ShieldAction */ = {
			isa = PBXNativeTarget;
			buildConfigurationList = 100000000000000000000903 /* Build configuration list for PBXNativeTarget "ShieldAction" */;
			buildPhases = (
				100000000000000000000A05 /* Sources */,
				100000000000000000000703 /* Frameworks */,
				100000000000000000000A06 /* Resources */,
			);
			buildRules = (
			);
			dependencies = (
			);
			name = ShieldAction;
			productName = ShieldAction;
			productReference = 100000000000000000000203 /* ShieldAction.appex */;
			productType = "com.apple.product-type.app-extension";
		};
		100000000000000000000504 /* DeviceActivityMonitor */ = {
			isa = PBXNativeTarget;
			buildConfigurationList = 100000000000000000000905 /* Build configuration list for PBXNativeTarget "DeviceActivityMonitor" */;
			buildPhases = (
				100000000000000000000A07 /* Sources */,
				100000000000000000000704 /* Frameworks */,
				100000000000000000000A08 /* Resources */,
			);
			buildRules = (
			);
			dependencies = (
			);
			name = DeviceActivityMonitor;
			productName = DeviceActivityMonitor;
			productReference = 100000000000000000000204 /* DeviceActivityMonitor.appex */;
			productType = "com.apple.product-type.app-extension";
		};
		100000000000000000000D51 /* DeviceActivityReport */ = {
			isa = PBXNativeTarget;
			buildConfigurationList = 100000000000000000000D91 /* Build configuration list for PBXNativeTarget "DeviceActivityReport" */;
			buildPhases = (
				100000000000000000000D61 /* Sources */,
				100000000000000000000D31 /* Frameworks */,
				100000000000000000000D62 /* Resources */,
			);
			buildRules = (
			);
			dependencies = (
			);
			name = DeviceActivityReport;
			productName = DeviceActivityReport;
			productReference = 100000000000000000000D14 /* DeviceActivityReport.appex */;
			productType = "com.apple.product-type.app-extension";
		};
/* End PBXNativeTarget section */

/* Begin PBXProject section */
		100000000000000000000401 /* Project object */ = {
			isa = PBXProject;
			attributes = {
				BuildIndependentTargetsInParallel = 1;
				LastSwiftUpdateCheck = 2650;
				LastUpgradeCheck = 2650;
				TargetAttributes = {
					100000000000000000000501 = {
						CreatedOnToolsVersion = 26.5;
						ProvisioningStyle = Automatic;
					};
					100000000000000000000502 = {
						CreatedOnToolsVersion = 26.5;
						ProvisioningStyle = Automatic;
					};
					100000000000000000000503 = {
						CreatedOnToolsVersion = 26.5;
						ProvisioningStyle = Automatic;
					};
					100000000000000000000504 = {
						CreatedOnToolsVersion = 26.5;
						ProvisioningStyle = Automatic;
					};
					100000000000000000000D51 = {
						CreatedOnToolsVersion = 26.5;
						ProvisioningStyle = Automatic;
					};
				};
			};
			buildConfigurationList = 100000000000000000000904 /* Build configuration list for PBXProject "TapJail" */;
			compatibilityVersion = "Xcode 15.0";
			developmentRegion = en;
			hasScannedForEncodings = 0;
			knownRegions = (
				en,
				Base,
			);
			mainGroup = 100000000000000000000801;
			productRefGroup = 100000000000000000000808 /* Products */;
			projectDirPath = "";
			projectRoot = "";
			targets = (
				100000000000000000000501 /* TapJail */,
				100000000000000000000502 /* ShieldConfiguration */,
				100000000000000000000503 /* ShieldAction */,
				100000000000000000000504 /* DeviceActivityMonitor */,
				100000000000000000000D51 /* DeviceActivityReport */,
			);
		};
/* End PBXProject section */

/* Begin PBXResourcesBuildPhase section */
		100000000000000000000A02 /* Resources */ = {
			isa = PBXResourcesBuildPhase;
			buildActionMask = 2147483647;
			files = (
				100000000000000000000007 /* Assets.xcassets in Resources */,
				10000000000000000000000C /* SchibstedGrotesk-Regular.ttf in Resources */,
				10000000000000000000000D /* SchibstedGrotesk-Medium.ttf in Resources */,
				10000000000000000000000E /* SchibstedGrotesk-SemiBold.ttf in Resources */,
				10000000000000000000000F /* SchibstedGrotesk-Bold.ttf in Resources */,
				100000000000000000000010 /* SchibstedGrotesk-ExtraBold.ttf in Resources */,
				100000000000000000000011 /* SchibstedGrotesk-Black.ttf in Resources */,
				100000000000000000000012 /* SchibstedGrotesk-Italic.ttf in Resources */,
				100000000000000000000013 /* SchibstedGrotesk-MediumItalic.ttf in Resources */,
				100000000000000000000014 /* SchibstedGrotesk-SemiBoldItalic.ttf in Resources */,
				100000000000000000000015 /* SchibstedGrotesk-BoldItalic.ttf in Resources */,
				100000000000000000000016 /* SchibstedGrotesk-ExtraBoldItalic.ttf in Resources */,
				100000000000000000000017 /* SchibstedGrotesk-BlackItalic.ttf in Resources */,
				100000000000000000000018 /* OFL.txt in Resources */,
				100000000000000000000019 /* PatrickHand-Regular.ttf in Resources */,
				10000000000000000000001A /* PatrickHand-OFL.txt in Resources */,
			);
			runOnlyForDeploymentPostprocessing = 0;
		};
		100000000000000000000A04 /* Resources */ = {
			isa = PBXResourcesBuildPhase;
			buildActionMask = 2147483647;
			files = (
				10000000000000000000001B /* TapJailShieldLogo.png in Resources */,
			);
			runOnlyForDeploymentPostprocessing = 0;
		};
		100000000000000000000A06 /* Resources */ = {
			isa = PBXResourcesBuildPhase;
			buildActionMask = 2147483647;
			files = (
			);
			runOnlyForDeploymentPostprocessing = 0;
		};
		100000000000000000000A08 /* Resources */ = {
			isa = PBXResourcesBuildPhase;
			buildActionMask = 2147483647;
			files = (
			);
			runOnlyForDeploymentPostprocessing = 0;
		};
		100000000000000000000D62 /* Resources */ = {
			isa = PBXResourcesBuildPhase;
			buildActionMask = 2147483647;
			files = (
			);
			runOnlyForDeploymentPostprocessing = 0;
		};
/* End PBXResourcesBuildPhase section */

/* Begin PBXSourcesBuildPhase section */
		100000000000000000000A01 /* Sources */ = {
			isa = PBXSourcesBuildPhase;
			buildActionMask = 2147483647;
			files = (
				100000000000000000000001 /* TapJailApp.swift in Sources */,
				100000000000000000000002 /* JailController.swift in Sources */,
				100000000000000000000003 /* RootView.swift in Sources */,
				100000000000000000000004 /* LockView.swift in Sources */,
				100000000000000000000005 /* TapPrisonView.swift in Sources */,
				100000000000000000000006 /* TapJailConstants.swift in Sources */,
				100000000000000000000021 /* OnboardingView.swift in Sources */,
			);
			runOnlyForDeploymentPostprocessing = 0;
		};
		100000000000000000000A03 /* Sources */ = {
			isa = PBXSourcesBuildPhase;
			buildActionMask = 2147483647;
			files = (
				100000000000000000000008 /* ShieldConfigurationExtension.swift in Sources */,
				10000000000000000000001F /* TapJailConstants.swift in Sources */,
			);
			runOnlyForDeploymentPostprocessing = 0;
		};
		100000000000000000000A05 /* Sources */ = {
			isa = PBXSourcesBuildPhase;
			buildActionMask = 2147483647;
			files = (
				100000000000000000000009 /* ShieldActionExtension.swift in Sources */,
				100000000000000000000020 /* TapJailConstants.swift in Sources */,
			);
			runOnlyForDeploymentPostprocessing = 0;
		};
		100000000000000000000A07 /* Sources */ = {
			isa = PBXSourcesBuildPhase;
			buildActionMask = 2147483647;
			files = (
				10000000000000000000001C /* DeviceActivityMonitorExtension.swift in Sources */,
				10000000000000000000001D /* TapJailConstants.swift in Sources */,
			);
			runOnlyForDeploymentPostprocessing = 0;
		};
		100000000000000000000D61 /* Sources */ = {
			isa = PBXSourcesBuildPhase;
			buildActionMask = 2147483647;
			files = (
				100000000000000000000D01 /* DeviceActivityReportExtension.swift in Sources */,
			);
			runOnlyForDeploymentPostprocessing = 0;
		};
/* End PBXSourcesBuildPhase section */

/* Begin PBXTargetDependency section */
		100000000000000000000B01 /* PBXTargetDependency */ = {
			isa = PBXTargetDependency;
			target = 100000000000000000000502 /* ShieldConfiguration */;
			targetProxy = 100000000000000000000301 /* PBXContainerItemProxy */;
		};
		100000000000000000000B02 /* PBXTargetDependency */ = {
			isa = PBXTargetDependency;
			target = 100000000000000000000503 /* ShieldAction */;
			targetProxy = 100000000000000000000302 /* PBXContainerItemProxy */;
		};
		100000000000000000000B03 /* PBXTargetDependency */ = {
			isa = PBXTargetDependency;
			target = 100000000000000000000504 /* DeviceActivityMonitor */;
			targetProxy = 100000000000000000000303 /* PBXContainerItemProxy */;
		};
		100000000000000000000D81 /* PBXTargetDependency */ = {
			isa = PBXTargetDependency;
			target = 100000000000000000000D51 /* DeviceActivityReport */;
			targetProxy = 100000000000000000000D21 /* PBXContainerItemProxy */;
		};
/* End PBXTargetDependency section */

/* Begin XCBuildConfiguration section */
		100000000000000000000C01 /* Debug */ = {
			isa = XCBuildConfiguration;
			buildSettings = {
				ALWAYS_SEARCH_USER_PATHS = NO;
				CLANG_ANALYZER_NONNULL = YES;
				CLANG_ANALYZER_NUMBER_OBJECT_CONVERSION = YES_AGGRESSIVE;
				CLANG_CXX_LANGUAGE_STANDARD = "gnu++20";
				CLANG_ENABLE_MODULES = YES;
				CLANG_ENABLE_OBJC_ARC = YES;
				CLANG_ENABLE_OBJC_WEAK = YES;
				CLANG_WARN_BLOCK_CAPTURE_AUTORELEASING = YES;
				CLANG_WARN_BOOL_CONVERSION = YES;
				CLANG_WARN_COMMA = YES;
				CLANG_WARN_CONSTANT_CONVERSION = YES;
				CLANG_WARN_DEPRECATED_OBJC_IMPLEMENTATIONS = YES;
				CLANG_WARN_DIRECT_OBJC_ISA_USAGE = YES_ERROR;
				CLANG_WARN_DOCUMENTATION_COMMENTS = YES;
				CLANG_WARN_EMPTY_BODY = YES;
				CLANG_WARN_ENUM_CONVERSION = YES;
				CLANG_WARN_INFINITE_RECURSION = YES;
				CLANG_WARN_INT_CONVERSION = YES;
				CLANG_WARN_NON_LITERAL_NULL_CONVERSION = YES;
				CLANG_WARN_OBJC_IMPLICIT_RETAIN_SELF = YES;
				CLANG_WARN_OBJC_LITERAL_CONVERSION = YES;
				CLANG_WARN_OBJC_ROOT_CLASS = YES_ERROR;
				CLANG_WARN_QUOTED_INCLUDE_IN_FRAMEWORK_HEADER = YES;
				CLANG_WARN_RANGE_LOOP_ANALYSIS = YES;
				CLANG_WARN_STRICT_PROTOTYPES = YES;
				CLANG_WARN_SUSPICIOUS_MOVE = YES;
				CLANG_WARN_UNGUARDED_AVAILABILITY = YES_AGGRESSIVE;
				CLANG_WARN_UNREACHABLE_CODE = YES;
				CLANG_WARN__DUPLICATE_METHOD_MATCH = YES;
				COPY_PHASE_STRIP = NO;
				DEBUG_INFORMATION_FORMAT = dwarf;
				ENABLE_STRICT_OBJC_MSGSEND = YES;
				ENABLE_TESTABILITY = YES;
				ENABLE_USER_SCRIPT_SANDBOXING = YES;
				GCC_C_LANGUAGE_STANDARD = gnu17;
				GCC_DYNAMIC_NO_PIC = NO;
				GCC_NO_COMMON_BLOCKS = YES;
				GCC_OPTIMIZATION_LEVEL = 0;
				GCC_PREPROCESSOR_DEFINITIONS = (
					"DEBUG=1",
					"$(inherited)",
				);
				GCC_WARN_64_TO_32_BIT_CONVERSION = YES;
				GCC_WARN_ABOUT_RETURN_TYPE = YES_ERROR;
				GCC_WARN_UNDECLARED_SELECTOR = YES;
				GCC_WARN_UNINITIALIZED_AUTOS = YES_AGGRESSIVE;
				GCC_WARN_UNUSED_FUNCTION = YES;
				GCC_WARN_UNUSED_VARIABLE = YES;
				IPHONEOS_DEPLOYMENT_TARGET = 17.0;
				LOCALIZATION_PREFERS_STRING_CATALOGS = YES;
				MTL_ENABLE_DEBUG_INFO = INCLUDE_SOURCE;
				MTL_FAST_MATH = YES;
				ONLY_ACTIVE_ARCH = YES;
				SDKROOT = iphoneos;
				SWIFT_ACTIVE_COMPILATION_CONDITIONS = "DEBUG $(inherited)";
				SWIFT_OPTIMIZATION_LEVEL = "-Onone";
			};
			name = Debug;
		};
		100000000000000000000C02 /* Release */ = {
			isa = XCBuildConfiguration;
			buildSettings = {
				ALWAYS_SEARCH_USER_PATHS = NO;
				CLANG_ANALYZER_NONNULL = YES;
				CLANG_ANALYZER_NUMBER_OBJECT_CONVERSION = YES_AGGRESSIVE;
				CLANG_CXX_LANGUAGE_STANDARD = "gnu++20";
				CLANG_ENABLE_MODULES = YES;
				CLANG_ENABLE_OBJC_ARC = YES;
				CLANG_ENABLE_OBJC_WEAK = YES;
				CLANG_WARN_BLOCK_CAPTURE_AUTORELEASING = YES;
				CLANG_WARN_BOOL_CONVERSION = YES;
				CLANG_WARN_COMMA = YES;
				CLANG_WARN_CONSTANT_CONVERSION = YES;
				CLANG_WARN_DEPRECATED_OBJC_IMPLEMENTATIONS = YES;
				CLANG_WARN_DIRECT_OBJC_ISA_USAGE = YES_ERROR;
				CLANG_WARN_DOCUMENTATION_COMMENTS = YES;
				CLANG_WARN_EMPTY_BODY = YES;
				CLANG_WARN_ENUM_CONVERSION = YES;
				CLANG_WARN_INFINITE_RECURSION = YES;
				CLANG_WARN_INT_CONVERSION = YES;
				CLANG_WARN_NON_LITERAL_NULL_CONVERSION = YES;
				CLANG_WARN_OBJC_IMPLICIT_RETAIN_SELF = YES;
				CLANG_WARN_OBJC_LITERAL_CONVERSION = YES;
				CLANG_WARN_OBJC_ROOT_CLASS = YES_ERROR;
				CLANG_WARN_QUOTED_INCLUDE_IN_FRAMEWORK_HEADER = YES;
				CLANG_WARN_RANGE_LOOP_ANALYSIS = YES;
				CLANG_WARN_STRICT_PROTOTYPES = YES;
				CLANG_WARN_SUSPICIOUS_MOVE = YES;
				CLANG_WARN_UNGUARDED_AVAILABILITY = YES_AGGRESSIVE;
				CLANG_WARN_UNREACHABLE_CODE = YES;
				CLANG_WARN__DUPLICATE_METHOD_MATCH = YES;
				COPY_PHASE_STRIP = NO;
				DEBUG_INFORMATION_FORMAT = "dwarf-with-dsym";
				ENABLE_NS_ASSERTIONS = NO;
				ENABLE_STRICT_OBJC_MSGSEND = YES;
				ENABLE_USER_SCRIPT_SANDBOXING = YES;
				GCC_C_LANGUAGE_STANDARD = gnu17;
				GCC_NO_COMMON_BLOCKS = YES;
				GCC_WARN_64_TO_32_BIT_CONVERSION = YES;
				GCC_WARN_ABOUT_RETURN_TYPE = YES_ERROR;
				GCC_WARN_UNDECLARED_SELECTOR = YES;
				GCC_WARN_UNINITIALIZED_AUTOS = YES_AGGRESSIVE;
				GCC_WARN_UNUSED_FUNCTION = YES;
				GCC_WARN_UNUSED_VARIABLE = YES;
				IPHONEOS_DEPLOYMENT_TARGET = 17.0;
				LOCALIZATION_PREFERS_STRING_CATALOGS = YES;
				MTL_ENABLE_DEBUG_INFO = NO;
				MTL_FAST_MATH = YES;
				SDKROOT = iphoneos;
				SWIFT_COMPILATION_MODE = wholemodule;
				VALIDATE_PRODUCT = YES;
			};
			name = Release;
		};
		100000000000000000000C03 /* Debug */ = {
			isa = XCBuildConfiguration;
			buildSettings = {
				ASSETCATALOG_COMPILER_APPICON_NAME = AppIcon;
				ASSETCATALOG_COMPILER_GLOBAL_ACCENT_COLOR_NAME = AccentColor;
				CODE_SIGN_ENTITLEMENTS = TapJail/TapJail.entitlements;
				CODE_SIGN_STYLE = Automatic;
				CURRENT_PROJECT_VERSION = 1;
				DEVELOPMENT_ASSET_PATHS = "\"TapJail/Resources\"";
				DEVELOPMENT_TEAM = 28D2M73B26;
				GENERATE_INFOPLIST_FILE = NO;
				INFOPLIST_FILE = TapJail/Info.plist;
				INFOPLIST_KEY_UIApplicationSupportsIndirectInputEvents = YES;
				LD_RUNPATH_SEARCH_PATHS = (
					"$(inherited)",
					"@executable_path/Frameworks",
				);
				MARKETING_VERSION = 1.0;
				PRODUCT_BUNDLE_IDENTIFIER = com.piperstudio.tapjail;
				PRODUCT_NAME = TapJail;
				SWIFT_EMIT_LOC_STRINGS = YES;
				SWIFT_VERSION = 5.0;
				TARGETED_DEVICE_FAMILY = 1;
			};
			name = Debug;
		};
		100000000000000000000C04 /* Release */ = {
			isa = XCBuildConfiguration;
			buildSettings = {
				ASSETCATALOG_COMPILER_APPICON_NAME = AppIcon;
				ASSETCATALOG_COMPILER_GLOBAL_ACCENT_COLOR_NAME = AccentColor;
				CODE_SIGN_ENTITLEMENTS = TapJail/TapJail.entitlements;
				CODE_SIGN_STYLE = Automatic;
				CURRENT_PROJECT_VERSION = 1;
				DEVELOPMENT_ASSET_PATHS = "\"TapJail/Resources\"";
				DEVELOPMENT_TEAM = 28D2M73B26;
				GENERATE_INFOPLIST_FILE = NO;
				INFOPLIST_FILE = TapJail/Info.plist;
				INFOPLIST_KEY_UIApplicationSupportsIndirectInputEvents = YES;
				LD_RUNPATH_SEARCH_PATHS = (
					"$(inherited)",
					"@executable_path/Frameworks",
				);
				MARKETING_VERSION = 1.0;
				PRODUCT_BUNDLE_IDENTIFIER = com.piperstudio.tapjail;
				PRODUCT_NAME = TapJail;
				SWIFT_EMIT_LOC_STRINGS = YES;
				SWIFT_VERSION = 5.0;
				TARGETED_DEVICE_FAMILY = 1;
			};
			name = Release;
		};
		100000000000000000000C05 /* Debug */ = {
			isa = XCBuildConfiguration;
			buildSettings = {
				APPLICATION_EXTENSION_API_ONLY = YES;
				CODE_SIGN_ENTITLEMENTS = ShieldConfiguration/ShieldConfiguration.entitlements;
				CODE_SIGN_STYLE = Automatic;
				CURRENT_PROJECT_VERSION = 1;
				DEVELOPMENT_TEAM = 28D2M73B26;
				GENERATE_INFOPLIST_FILE = NO;
				INFOPLIST_FILE = ShieldConfiguration/Info.plist;
				LD_RUNPATH_SEARCH_PATHS = (
					"$(inherited)",
					"@executable_path/Frameworks",
					"@executable_path/../../Frameworks",
				);
				MARKETING_VERSION = 1.0;
				PRODUCT_BUNDLE_IDENTIFIER = com.piperstudio.tapjail.ShieldConfiguration;
				PRODUCT_NAME = ShieldConfiguration;
				SKIP_INSTALL = YES;
				SWIFT_EMIT_LOC_STRINGS = YES;
				SWIFT_VERSION = 5.0;
				TARGETED_DEVICE_FAMILY = 1;
			};
			name = Debug;
		};
		100000000000000000000C06 /* Release */ = {
			isa = XCBuildConfiguration;
			buildSettings = {
				APPLICATION_EXTENSION_API_ONLY = YES;
				CODE_SIGN_ENTITLEMENTS = ShieldConfiguration/ShieldConfiguration.entitlements;
				CODE_SIGN_STYLE = Automatic;
				CURRENT_PROJECT_VERSION = 1;
				DEVELOPMENT_TEAM = 28D2M73B26;
				GENERATE_INFOPLIST_FILE = NO;
				INFOPLIST_FILE = ShieldConfiguration/Info.plist;
				LD_RUNPATH_SEARCH_PATHS = (
					"$(inherited)",
					"@executable_path/Frameworks",
					"@executable_path/../../Frameworks",
				);
				MARKETING_VERSION = 1.0;
				PRODUCT_BUNDLE_IDENTIFIER = com.piperstudio.tapjail.ShieldConfiguration;
				PRODUCT_NAME = ShieldConfiguration;
				SKIP_INSTALL = YES;
				SWIFT_EMIT_LOC_STRINGS = YES;
				SWIFT_VERSION = 5.0;
				TARGETED_DEVICE_FAMILY = 1;
			};
			name = Release;
		};
		100000000000000000000C07 /* Debug */ = {
			isa = XCBuildConfiguration;
			buildSettings = {
				APPLICATION_EXTENSION_API_ONLY = YES;
				CODE_SIGN_ENTITLEMENTS = ShieldAction/ShieldAction.entitlements;
				CODE_SIGN_STYLE = Automatic;
				CURRENT_PROJECT_VERSION = 1;
				DEVELOPMENT_TEAM = 28D2M73B26;
				GENERATE_INFOPLIST_FILE = NO;
				INFOPLIST_FILE = ShieldAction/Info.plist;
				LD_RUNPATH_SEARCH_PATHS = (
					"$(inherited)",
					"@executable_path/Frameworks",
					"@executable_path/../../Frameworks",
				);
				MARKETING_VERSION = 1.0;
				PRODUCT_BUNDLE_IDENTIFIER = com.piperstudio.tapjail.ShieldAction;
				PRODUCT_NAME = ShieldAction;
				SKIP_INSTALL = YES;
				SWIFT_EMIT_LOC_STRINGS = YES;
				SWIFT_VERSION = 5.0;
				TARGETED_DEVICE_FAMILY = 1;
			};
			name = Debug;
		};
		100000000000000000000C08 /* Release */ = {
			isa = XCBuildConfiguration;
			buildSettings = {
				APPLICATION_EXTENSION_API_ONLY = YES;
				CODE_SIGN_ENTITLEMENTS = ShieldAction/ShieldAction.entitlements;
				CODE_SIGN_STYLE = Automatic;
				CURRENT_PROJECT_VERSION = 1;
				DEVELOPMENT_TEAM = 28D2M73B26;
				GENERATE_INFOPLIST_FILE = NO;
				INFOPLIST_FILE = ShieldAction/Info.plist;
				LD_RUNPATH_SEARCH_PATHS = (
					"$(inherited)",
					"@executable_path/Frameworks",
					"@executable_path/../../Frameworks",
				);
				MARKETING_VERSION = 1.0;
				PRODUCT_BUNDLE_IDENTIFIER = com.piperstudio.tapjail.ShieldAction;
				PRODUCT_NAME = ShieldAction;
				SKIP_INSTALL = YES;
				SWIFT_EMIT_LOC_STRINGS = YES;
				SWIFT_VERSION = 5.0;
				TARGETED_DEVICE_FAMILY = 1;
			};
			name = Release;
		};
		100000000000000000000C09 /* Debug */ = {
			isa = XCBuildConfiguration;
			buildSettings = {
				APPLICATION_EXTENSION_API_ONLY = YES;
				CODE_SIGN_ENTITLEMENTS = DeviceActivityMonitor/DeviceActivityMonitor.entitlements;
				CODE_SIGN_STYLE = Automatic;
				CURRENT_PROJECT_VERSION = 1;
				DEVELOPMENT_TEAM = 28D2M73B26;
				GENERATE_INFOPLIST_FILE = NO;
				INFOPLIST_FILE = DeviceActivityMonitor/Info.plist;
				LD_RUNPATH_SEARCH_PATHS = (
					"$(inherited)",
					"@executable_path/Frameworks",
					"@executable_path/../../Frameworks",
				);
				MARKETING_VERSION = 1.0;
				PRODUCT_BUNDLE_IDENTIFIER = com.piperstudio.tapjail.DeviceActivityMonitor;
				PRODUCT_NAME = DeviceActivityMonitor;
				SKIP_INSTALL = YES;
				SWIFT_EMIT_LOC_STRINGS = YES;
				SWIFT_VERSION = 5.0;
				TARGETED_DEVICE_FAMILY = 1;
			};
			name = Debug;
		};
		100000000000000000000C0A /* Release */ = {
			isa = XCBuildConfiguration;
			buildSettings = {
				APPLICATION_EXTENSION_API_ONLY = YES;
				CODE_SIGN_ENTITLEMENTS = DeviceActivityMonitor/DeviceActivityMonitor.entitlements;
				CODE_SIGN_STYLE = Automatic;
				CURRENT_PROJECT_VERSION = 1;
				DEVELOPMENT_TEAM = 28D2M73B26;
				GENERATE_INFOPLIST_FILE = NO;
				INFOPLIST_FILE = DeviceActivityMonitor/Info.plist;
				LD_RUNPATH_SEARCH_PATHS = (
					"$(inherited)",
					"@executable_path/Frameworks",
					"@executable_path/../../Frameworks",
				);
				MARKETING_VERSION = 1.0;
				PRODUCT_BUNDLE_IDENTIFIER = com.piperstudio.tapjail.DeviceActivityMonitor;
				PRODUCT_NAME = DeviceActivityMonitor;
				SKIP_INSTALL = YES;
				SWIFT_EMIT_LOC_STRINGS = YES;
				SWIFT_VERSION = 5.0;
				TARGETED_DEVICE_FAMILY = 1;
			};
			name = Release;
		};
		100000000000000000000DC1 /* Debug */ = {
			isa = XCBuildConfiguration;
			buildSettings = {
				APPLICATION_EXTENSION_API_ONLY = YES;
				CODE_SIGN_ENTITLEMENTS = DeviceActivityReport/DeviceActivityReport.entitlements;
				CODE_SIGN_STYLE = Automatic;
				CURRENT_PROJECT_VERSION = 1;
				DEVELOPMENT_TEAM = 28D2M73B26;
				GENERATE_INFOPLIST_FILE = NO;
				INFOPLIST_FILE = DeviceActivityReport/Info.plist;
				LD_RUNPATH_SEARCH_PATHS = (
					"$(inherited)",
					"@executable_path/Frameworks",
					"@executable_path/../../Frameworks",
				);
				MARKETING_VERSION = 1.0;
				PRODUCT_BUNDLE_IDENTIFIER = com.piperstudio.tapjail.DeviceActivityReport;
				PRODUCT_NAME = DeviceActivityReport;
				SKIP_INSTALL = YES;
				SWIFT_EMIT_LOC_STRINGS = YES;
				SWIFT_VERSION = 5.0;
				TARGETED_DEVICE_FAMILY = 1;
			};
			name = Debug;
		};
		100000000000000000000DC2 /* Release */ = {
			isa = XCBuildConfiguration;
			buildSettings = {
				APPLICATION_EXTENSION_API_ONLY = YES;
				CODE_SIGN_ENTITLEMENTS = DeviceActivityReport/DeviceActivityReport.entitlements;
				CODE_SIGN_STYLE = Automatic;
				CURRENT_PROJECT_VERSION = 1;
				DEVELOPMENT_TEAM = 28D2M73B26;
				GENERATE_INFOPLIST_FILE = NO;
				INFOPLIST_FILE = DeviceActivityReport/Info.plist;
				LD_RUNPATH_SEARCH_PATHS = (
					"$(inherited)",
					"@executable_path/Frameworks",
					"@executable_path/../../Frameworks",
				);
				MARKETING_VERSION = 1.0;
				PRODUCT_BUNDLE_IDENTIFIER = com.piperstudio.tapjail.DeviceActivityReport;
				PRODUCT_NAME = DeviceActivityReport;
				SKIP_INSTALL = YES;
				SWIFT_EMIT_LOC_STRINGS = YES;
				SWIFT_VERSION = 5.0;
				TARGETED_DEVICE_FAMILY = 1;
			};
			name = Release;
		};
/* End XCBuildConfiguration section */

/* Begin XCConfigurationList section */
		100000000000000000000901 /* Build configuration list for PBXNativeTarget "TapJail" */ = {
			isa = XCConfigurationList;
			buildConfigurations = (
				100000000000000000000C03 /* Debug */,
				100000000000000000000C04 /* Release */,
			);
			defaultConfigurationIsVisible = 0;
			defaultConfigurationName = Release;
		};
		100000000000000000000902 /* Build configuration list for PBXNativeTarget "ShieldConfiguration" */ = {
			isa = XCConfigurationList;
			buildConfigurations = (
				100000000000000000000C05 /* Debug */,
				100000000000000000000C06 /* Release */,
			);
			defaultConfigurationIsVisible = 0;
			defaultConfigurationName = Release;
		};
		100000000000000000000903 /* Build configuration list for PBXNativeTarget "ShieldAction" */ = {
			isa = XCConfigurationList;
			buildConfigurations = (
				100000000000000000000C07 /* Debug */,
				100000000000000000000C08 /* Release */,
			);
			defaultConfigurationIsVisible = 0;
			defaultConfigurationName = Release;
		};
		100000000000000000000904 /* Build configuration list for PBXProject "TapJail" */ = {
			isa = XCConfigurationList;
			buildConfigurations = (
				100000000000000000000C01 /* Debug */,
				100000000000000000000C02 /* Release */,
			);
			defaultConfigurationIsVisible = 0;
			defaultConfigurationName = Release;
		};
		100000000000000000000905 /* Build configuration list for PBXNativeTarget "DeviceActivityMonitor" */ = {
			isa = XCConfigurationList;
			buildConfigurations = (
				100000000000000000000C09 /* Debug */,
				100000000000000000000C0A /* Release */,
			);
			defaultConfigurationIsVisible = 0;
			defaultConfigurationName = Release;
		};
		100000000000000000000D91 /* Build configuration list for PBXNativeTarget "DeviceActivityReport" */ = {
			isa = XCConfigurationList;
			buildConfigurations = (
				100000000000000000000DC1 /* Debug */,
				100000000000000000000DC2 /* Release */,
			);
			defaultConfigurationIsVisible = 0;
			defaultConfigurationName = Release;
		};
/* End XCConfigurationList section */
	};
	rootObject = 100000000000000000000401 /* Project object */;
}
